# This file is autogenerated, do not edit; changes may be undone by the next 'dep ensure'.


[[projects]]
  digest = "1:a63cff6b5d8b95638bfe300385d93b2a6d9d687734b863da8e09dc834510a690"
  name = "github.com/google/go-querystring"
  packages = ["query"]
  pruneopts = "UT"
  revision = "44c6ddd0a2342c386950e880b658017258da92fc"
  version = "v1.0.0"

[[projects]]
  digest = "1:67cc25484c2ac1b87ba1a28a321ff2b75131e7e658f195d31decc0f9668fda55"
  name = "github.com/hbagdi/go-kong"
  packages = [
    "kong",
    "kong/custom"
  ]
  pruneopts = "UT"
  revision = "2ba5bff1e2e855ea7eda2fa7f3fab020f3bef395"
  version = "v0.9.0"

[[projects]]
  digest = "1:cf31692c14422fa27c83a05292eb5cbe0fb2775972e8f1f8446a71549bd8980b"
  name = "github.com/pkg/errors"
  packages = ["."]
  pruneopts = "UT"
  revision = "ba968bfe8b2f7e042a574c888954fccecfa385b4"
  version = "v0.8.1"

[solve-meta]
  analyzer-name = "dep"
  analyzer-version = 1
  input-imports = ["github.com/hbagdi/go-kong/kong"]
  solver-name = "gps-cdcl"
  solver-version = 1
